Microsoft Visual Studio Solution File, Format Version 12.00
# Visual Studio Version 17
VisualStudioVersion = 17.5.2.0
MinimumVisualStudioVersion = 10.0.40219.1
Project("{FAE04EC0-301F-11D3-BF4B-00C04F79EFBC}") = "SistemaTickets", "SistemaTickets.csproj", "{ECD6B924-BDDB-A41D-B777-35F2814222D2}"
EndProject
Global
	GlobalSection(SolutionConfigurationPlatforms) = preSolution
		Debug|Any CPU = Debug|Any CPU
		Release|Any CPU = Release|Any CPU
	EndGlobalSection
	GlobalSection(ProjectConfigurationPlatforms) = postSolution
		{ECD6B924-BDDB-A41D-B777-35F2814222D2}.Debug|Any CPU.ActiveCfg = Debug|Any CPU
		{ECD6B924-BDDB-A41D-B777-35F2814222D2}.Debug|Any CPU.Build.0 = Debug|Any CPU
		{ECD6B924-BDDB-A41D-B777-35F2814222D2}.Release|Any CPU.ActiveCfg = Release|Any CPU
		{ECD6B924-BDDB-A41D-B777-35F2814222D2}.Release|Any CPU.Build.0 = Release|Any CPU
	EndGlobalSection
	GlobalSection(SolutionProperties) = preSolution
		HideSolutionNode = FALSE
	EndGlobalSection
	GlobalSection(ExtensibilityGlobals) = postSolution
		SolutionGuid = {953E86B7-4A4B-42BE-B4D7-CCD5837CE17F}
	EndGlobalSection
EndGlobal
